
Microsoft Visual Studio Solution File, Format Version 12.00
# Visual Studio Version 17
VisualStudioVersion = 17.8.34330.188
MinimumVisualStudioVersion = 10.0.40219.1
Project("{FAE04EC0-301F-11D3-BF4B-00C04F79EFBC}") = "AppConsole01", "AppConsole01\AppConsole01.csproj", "{0E54C0BA-323E-4FA6-ABD0-2B365139BF07}"
EndProject
Global
	GlobalSection(SolutionConfigurationPlatforms) = preSolution
		Debug|Any CPU = Debug|Any CPU
		Release|Any CPU = Release|Any CPU
	EndGlobalSection
	GlobalSection(ProjectConfigurationPlatforms) = postSolution
		{0E54C0BA-323E-4FA6-ABD0-2B365139BF07}.Debug|Any CPU.ActiveCfg = Debug|Any CPU
		{0E54C0BA-323E-4FA6-ABD0-2B365139BF07}.Debug|Any CPU.Build.0 = Debug|Any CPU
		{0E54C0BA-323E-4FA6-ABD0-2B365139BF07}.Release|Any CPU.ActiveCfg = Release|Any CPU
		{0E54C0BA-323E-4FA6-ABD0-2B365139BF07}.Release|Any CPU.Build.0 = Release|Any CPU
	EndGlobalSection
	GlobalSection(SolutionProperties) = preSolution
		HideSolutionNode = FALSE
	EndGlobalSection
	GlobalSection(ExtensibilityGlobals) = postSolution
		SolutionGuid = {8E4F4D49-D934-4428-A3BB-5F58FD3F4A78}
	EndGlobalSection
EndGlobal
